// !$*UTF8*$!
{
	archiveVersion = 1;
	classes = {
	};
	objectVersion = 56;
	objects = {

/* Begin PBXBuildFile section */
		126018B02CA7023E00E0788C /* GoogleService-Info.plist in Resources */ = {isa = PBXBuildFile; fileRef = 126018AF2CA7023E00E0788C /* GoogleService-Info.plist */; };
		12C8943E2CAA8784000C3C73 /* LocationManager.swift in Sources */ = {isa = PBXBuildFile; fileRef = 12C8943B2CAA8784000C3C73 /* LocationManager.swift */; };
		12C8943F2CAA8784000C3C73 /* SavedCards.swift in Sources */ = {isa = PBXBuildFile; fileRef = 12C8943C2CAA8784000C3C73 /* SavedCards.swift */; };
		530EE0C82B8B00AF00B2F5BB /* AppDelegate.swift in Sources */ = {isa = PBXBuildFile; fileRef = 530EE0C72B8B00AF00B2F5BB /* AppDelegate.swift */; };
		530EE0CA2B8B00EC00B2F5BB /* SceneDelegate.swift in Sources */ = {isa = PBXBuildFile; fileRef = 530EE0C92B8B00EC00B2F5BB /* SceneDelegate.swift */; };
		530EE0CE2B8B014800B2F5BB /* SessionStore.swift in Sources */ = {isa = PBXBuildFile; fileRef = 530EE0CD2B8B014800B2F5BB /* SessionStore.swift */; };
		530EE0D02B8B01E700B2F5BB /* User.swift in Sources */ = {isa = PBXBuildFile; fileRef = 530EE0CF2B8B01E700B2F5BB /* User.swift */; };
		530EE0D22B8B023C00B2F5BB /* Message.swift in Sources */ = {isa = PBXBuildFile; fileRef = 530EE0D12B8B023C00B2F5BB /* Message.swift */; };
		530EE0D62B8B041900B2F5BB /* ImageCache.swift in Sources */ = {isa = PBXBuildFile; fileRef = 530EE0D52B8B041900B2F5BB /* ImageCache.swift */; };
		530EE0D82B8B043B00B2F5BB /* ImageLoader.swift in Sources */ = {isa = PBXBuildFile; fileRef = 530EE0D72B8B043B00B2F5BB /* ImageLoader.swift */; };
		530EE0DA2B8B045600B2F5BB /* AsyncImage.swift in Sources */ = {isa = PBXBuildFile; fileRef = 530EE0D92B8B045600B2F5BB /* AsyncImage.swift */; };
		530EE0DC2B8B047300B2F5BB /* Constants.swift in Sources */ = {isa = PBXBuildFile; fileRef = 530EE0DB2B8B047300B2F5BB /* Constants.swift */; };
		530EE0DE2B8B049500B2F5BB /* ErrorHandler.swift in Sources */ = {isa = PBXBuildFile; fileRef = 530EE0DD2B8B049500B2F5BB /* ErrorHandler.swift */; };
		530EE0E02B8B04C100B2F5BB /* Keyboard+notification.swift in Sources */ = {isa = PBXBuildFile; fileRef = 530EE0DF2B8B04C100B2F5BB /* Keyboard+notification.swift */; };
		530EE0E22B8B04DB00B2F5BB /* ImagePicker.swift in Sources */ = {isa = PBXBuildFile; fileRef = 530EE0E12B8B04DB00B2F5BB /* ImagePicker.swift */; };
		530EE0E42B8B057200B2F5BB /* Extensions.swift in Sources */ = {isa = PBXBuildFile; fileRef = 530EE0E32B8B057200B2F5BB /* Extensions.swift */; };
		530EE0E72B8B05A600B2F5BB /* CustomModifiers.swift in Sources */ = {isa = PBXBuildFile; fileRef = 530EE0E62B8B05A600B2F5BB /* CustomModifiers.swift */; };
		530EE0E92B8B05C000B2F5BB /* ShimmerView.swift in Sources */ = {isa = PBXBuildFile; fileRef = 530EE0E82B8B05C000B2F5BB /* ShimmerView.swift */; };
		530EE0EC2B8B062600B2F5BB /* ChatScreen.swift in Sources */ = {isa = PBXBuildFile; fileRef = 530EE0EB2B8B062600B2F5BB /* ChatScreen.swift */; };
		530EE0EE2B8B065900B2F5BB /* HomeView.swift in Sources */ = {isa = PBXBuildFile; fileRef = 530EE0ED2B8B065900B2F5BB /* HomeView.swift */; };
		530EE0F02B8B069800B2F5BB /* ChatsView.swift in Sources */ = {isa = PBXBuildFile; fileRef = 530EE0EF2B8B069800B2F5BB /* ChatsView.swift */; };
		530EE0F22B8B06BC00B2F5BB /* NewChatsView.swift in Sources */ = {isa = PBXBuildFile; fileRef = 530EE0F12B8B06BC00B2F5BB /* NewChatsView.swift */; };
		530EE0F42B8B06D800B2F5BB /* ChatLogView.swift in Sources */ = {isa = PBXBuildFile; fileRef = 530EE0F32B8B06D800B2F5BB /* ChatLogView.swift */; };
		530EE0F62B8B06F800B2F5BB /* ChatRow.swift in Sources */ = {isa = PBXBuildFile; fileRef = 530EE0F52B8B06F800B2F5BB /* ChatRow.swift */; };
		5321E9622B87BB9F007BDA85 /* BarcodeView.swift in Sources */ = {isa = PBXBuildFile; fileRef = 5321E9612B87BB9F007BDA85 /* BarcodeView.swift */; };
		53268B842BC69334002DDE45 /* EditCardsPreviewCard.swift in Sources */ = {isa = PBXBuildFile; fileRef = 53268B832BC69334002DDE45 /* EditCardsPreviewCard.swift */; };
		532E41A72B2B23C5001664A3 /* Onboarding.swift in Sources */ = {isa = PBXBuildFile; fileRef = 532E41A62B2B23C5001664A3 /* Onboarding.swift */; };
		532E41AB2B2B46A1001664A3 /* LoginView.swift in Sources */ = {isa = PBXBuildFile; fileRef = 532E41AA2B2B46A1001664A3 /* LoginView.swift */; };
		533DD53F2B2864D700692972 /* iOSAppApp.swift in Sources */ = {isa = PBXBuildFile; fileRef = 533DD53E2B2864D700692972 /* iOSAppApp.swift */; };
		533DD5412B2864D700692972 /* ContentView.swift in Sources */ = {isa = PBXBuildFile; fileRef = 533DD5402B2864D700692972 /* ContentView.swift */; };
		533DD5432B2864D900692972 /* Assets.xcassets in Resources */ = {isa = PBXBuildFile; fileRef = 533DD5422B2864D900692972 /* Assets.xcassets */; };
		533DD5462B2864D900692972 /* Preview Assets.xcassets in Resources */ = {isa = PBXBuildFile; fileRef = 533DD5452B2864D900692972 /* Preview Assets.xcassets */; };
		533DD54D2B28690400692972 /* Explore.swift in Sources */ = {isa = PBXBuildFile; fileRef = 533DD54C2B28690400692972 /* Explore.swift */; };
		533FD2B02B923D4F00A41EAC /* SharingBusinessCard.swift in Sources */ = {isa = PBXBuildFile; fileRef = 533FD2AF2B923D4F00A41EAC /* SharingBusinessCard.swift */; };
		535B1EF22B9C3F7200AF9F42 /* BusinessCardMyCards.swift in Sources */ = {isa = PBXBuildFile; fileRef = 535B1EF12B9C3F7200AF9F42 /* BusinessCardMyCards.swift */; };
		535B1EF42B9CA07500AF9F42 /* BusinessCardSaved.swift in Sources */ = {isa = PBXBuildFile; fileRef = 535B1EF32B9CA07500AF9F42 /* BusinessCardSaved.swift */; };
		5372BF6D2B8726C200A07566 /* MessageKit in Frameworks */ = {isa = PBXBuildFile; productRef = 5372BF6C2B8726C200A07566 /* MessageKit */; };
		5372BF892B87456600A07566 /* ExyteChat in Frameworks */ = {isa = PBXBuildFile; productRef = 5372BF882B87456600A07566 /* ExyteChat */; };
		537AF5222B2B180400FB2631 /* EditCards.swift in Sources */ = {isa = PBXBuildFile; fileRef = 537AF5212B2B180400FB2631 /* EditCards.swift */; };
		53B38F342B99ACA400343AD4 /* FirebaseAnalytics in Frameworks */ = {isa = PBXBuildFile; productRef = 53B38F332B99ACA400343AD4 /* FirebaseAnalytics */; };
		53B38F362B99ACA400343AD4 /* FirebaseAnalyticsOnDeviceConversion in Frameworks */ = {isa = PBXBuildFile; productRef = 53B38F352B99ACA400343AD4 /* FirebaseAnalyticsOnDeviceConversion */; };
		53B38F382B99ACA400343AD4 /* FirebaseAnalyticsSwift in Frameworks */ = {isa = PBXBuildFile; productRef = 53B38F372B99ACA400343AD4 /* FirebaseAnalyticsSwift */; };
		53B38F3A2B99ACA400343AD4 /* FirebaseAnalyticsWithoutAdIdSupport in Frameworks */ = {isa = PBXBuildFile; productRef = 53B38F392B99ACA400343AD4 /* FirebaseAnalyticsWithoutAdIdSupport */; };
		53B38F3C2B99ACA400343AD4 /* FirebaseAppCheck in Frameworks */ = {isa = PBXBuildFile; productRef = 53B38F3B2B99ACA400343AD4 /* FirebaseAppCheck */; };
		53B38F3E2B99ACA400343AD4 /* FirebaseAppDistribution-Beta in Frameworks */ = {isa = PBXBuildFile; productRef = 53B38F3D2B99ACA400343AD4 /* FirebaseAppDistribution-Beta */; };
		53B38F402B99ACA400343AD4 /* FirebaseAuth in Frameworks */ = {isa = PBXBuildFile; productRef = 53B38F3F2B99ACA400343AD4 /* FirebaseAuth */; };
		53B38F422B99ACA400343AD4 /* FirebaseAuthCombine-Community in Frameworks */ = {isa = PBXBuildFile; productRef = 53B38F412B99ACA400343AD4 /* FirebaseAuthCombine-Community */; };
		53B38F442B99ACA400343AD4 /* FirebaseCrashlytics in Frameworks */ = {isa = PBXBuildFile; productRef = 53B38F432B99ACA400343AD4 /* FirebaseCrashlytics */; };
		53B38F462B99ACA400343AD4 /* FirebaseDatabase in Frameworks */ = {isa = PBXBuildFile; productRef = 53B38F452B99ACA400343AD4 /* FirebaseDatabase */; };
		53B38F482B99ACA400343AD4 /* FirebaseDatabaseSwift in Frameworks */ = {isa = PBXBuildFile; productRef = 53B38F472B99ACA400343AD4 /* FirebaseDatabaseSwift */; };
		53B38F4A2B99ACA400343AD4 /* FirebaseDynamicLinks in Frameworks */ = {isa = PBXBuildFile; productRef = 53B38F492B99ACA400343AD4 /* FirebaseDynamicLinks */; };
		53B38F4C2B99ACA400343AD4 /* FirebaseFirestore in Frameworks */ = {isa = PBXBuildFile; productRef = 53B38F4B2B99ACA400343AD4 /* FirebaseFirestore */; };
		53B38F4E2B99ACA400343AD4 /* FirebaseFirestoreCombine-Community in Frameworks */ = {isa = PBXBuildFile; productRef = 53B38F4D2B99ACA400343AD4 /* FirebaseFirestoreCombine-Community */; };
		53B38F502B99ACA400343AD4 /* FirebaseFirestoreSwift in Frameworks */ = {isa = PBXBuildFile; productRef = 53B38F4F2B99ACA400343AD4 /* FirebaseFirestoreSwift */; };
		53B38F522B99ACA400343AD4 /* FirebaseFunctions in Frameworks */ = {isa = PBXBuildFile; productRef = 53B38F512B99ACA400343AD4 /* FirebaseFunctions */; };
		53B38F542B99ACA400343AD4 /* FirebaseFunctionsCombine-Community in Frameworks */ = {isa = PBXBuildFile; productRef = 53B38F532B99ACA400343AD4 /* FirebaseFunctionsCombine-Community */; };
		53B38F562B99ACA400343AD4 /* FirebaseInAppMessaging-Beta in Frameworks */ = {isa = PBXBuildFile; productRef = 53B38F552B99ACA400343AD4 /* FirebaseInAppMessaging-Beta */; };
		53B38F582B99ACA400343AD4 /* FirebaseInAppMessagingSwift-Beta in Frameworks */ = {isa = PBXBuildFile; productRef = 53B38F572B99ACA400343AD4 /* FirebaseInAppMessagingSwift-Beta */; };
		53B38F5A2B99ACA400343AD4 /* FirebaseInstallations in Frameworks */ = {isa = PBXBuildFile; productRef = 53B38F592B99ACA400343AD4 /* FirebaseInstallations */; };
		53B38F5C2B99ACA400343AD4 /* FirebaseMLModelDownloader in Frameworks */ = {isa = PBXBuildFile; productRef = 53B38F5B2B99ACA400343AD4 /* FirebaseMLModelDownloader */; };
		53B38F5E2B99ACA400343AD4 /* FirebaseMessaging in Frameworks */ = {isa = PBXBuildFile; productRef = 53B38F5D2B99ACA400343AD4 /* FirebaseMessaging */; };
		53B38F602B99ACA400343AD4 /* FirebasePerformance in Frameworks */ = {isa = PBXBuildFile; productRef = 53B38F5F2B99ACA400343AD4 /* FirebasePerformance */; };
		53B38F622B99ACA400343AD4 /* FirebaseRemoteConfig in Frameworks */ = {isa = PBXBuildFile; productRef = 53B38F612B99ACA400343AD4 /* FirebaseRemoteConfig */; };
		53B38F642B99ACA400343AD4 /* FirebaseRemoteConfigSwift in Frameworks */ = {isa = PBXBuildFile; productRef = 53B38F632B99ACA400343AD4 /* FirebaseRemoteConfigSwift */; };
		53B38F662B99ACA400343AD4 /* FirebaseStorage in Frameworks */ = {isa = PBXBuildFile; productRef = 53B38F652B99ACA400343AD4 /* FirebaseStorage */; };
		53B38F682B99ACA400343AD4 /* FirebaseStorageCombine-Community in Frameworks */ = {isa = PBXBuildFile; productRef = 53B38F672B99ACA400343AD4 /* FirebaseStorageCombine-Community */; };
		53C0AE102B2B46FB008F8056 /* SignUpView.swift in Sources */ = {isa = PBXBuildFile; fileRef = 53C0AE0F2B2B46FB008F8056 /* SignUpView.swift */; };
		53C0AE122B2B4921008F8056 /* FirstPage.swift in Sources */ = {isa = PBXBuildFile; fileRef = 53C0AE112B2B4921008F8056 /* FirstPage.swift */; };
		53D54E242B29A2980054F3E3 /* MyCards.swift in Sources */ = {isa = PBXBuildFile; fileRef = 53D54E232B29A2980054F3E3 /* MyCards.swift */; };
		53D96D332B2AEF7100339122 /* Settings.swift in Sources */ = {isa = PBXBuildFile; fileRef = 53D96D322B2AEF7100339122 /* Settings.swift */; };
		53DEBA4D2B99A5EB008CBCE7 /* SDWebImageSwiftUI in Frameworks */ = {isa = PBXBuildFile; productRef = 53DEBA4C2B99A5EB008CBCE7 /* SDWebImageSwiftUI */; };
		53DEBA502B99A60A008CBCE7 /* CodeScanner in Frameworks */ = {isa = PBXBuildFile; productRef = 53DEBA4F2B99A60A008CBCE7 /* CodeScanner */; };
		53F9A9772B4137CC00FB72AD /* BusinessCard.swift in Sources */ = {isa = PBXBuildFile; fileRef = 53F9A9762B4137CC00FB72AD /* BusinessCard.swift */; };
		53FFA53E2B84C16600ADA93B /* GoogleSignIn in Frameworks */ = {isa = PBXBuildFile; productRef = 53FFA53D2B84C16600ADA93B /* GoogleSignIn */; };
		53FFA5402B84C16600ADA93B /* GoogleSignInSwift in Frameworks */ = {isa = PBXBuildFile; productRef = 53FFA53F2B84C16600ADA93B /* GoogleSignInSwift */; };
		7F6583482B4E452E00BECAE3 /* NotificationsView.swift in Sources */ = {isa = PBXBuildFile; fileRef = 7F6583472B4E452E00BECAE3 /* NotificationsView.swift */; };
		9D6187E52BAD7B4D0001F53F /* Launch Screen.storyboard in Resources */ = {isa = PBXBuildFile; fileRef = 9D6187E42BAD7B4D0001F53F /* Launch Screen.storyboard */; };
/* End PBXBuildFile section */

/* Begin PBXCopyFilesBuildPhase section */
		12C2E9722CA67B0300B863A4 /* Embed Watch Content */ = {
			isa = PBXCopyFilesBuildPhase;
			buildActionMask = 2147483647;
			dstPath = "$(CONTENTS_FOLDER_PATH)/Watch";
			dstSubfolderSpec = 16;
			files = (
			);
			name = "Embed Watch Content";
			runOnlyForDeploymentPostprocessing = 0;
		};
/* End PBXCopyFilesBuildPhase section */

/* Begin PBXFileReference section */
		126018AF2CA7023E00E0788C /* GoogleService-Info.plist */ = {isa = PBXFileReference; fileEncoding = 4; lastKnownFileType = text.plist.xml; path = "GoogleService-Info.plist"; sourceTree = "<group>"; };
		12C2E9772CA67B5100B863A4 /* WatchConnectivity.framework */ = {isa = PBXFileReference; lastKnownFileType = wrapper.framework; name = WatchConnectivity.framework; path = Platforms/WatchOS.platform/Developer/SDKs/WatchOS10.5.sdk/System/Library/Frameworks/WatchConnectivity.framework; sourceTree = DEVELOPER_DIR; };
		12C8943B2CAA8784000C3C73 /* LocationManager.swift */ = {isa = PBXFileReference; lastKnownFileType = sourcecode.swift; path = LocationManager.swift; sourceTree = "<group>"; };
		12C8943C2CAA8784000C3C73 /* SavedCards.swift */ = {isa = PBXFileReference; lastKnownFileType = sourcecode.swift; path = SavedCards.swift; sourceTree = "<group>"; };
		530EE0C72B8B00AF00B2F5BB /* AppDelegate.swift */ = {isa = PBXFileReference; lastKnownFileType = sourcecode.swift; path = AppDelegate.swift; sourceTree = "<group>"; };
		530EE0C92B8B00EC00B2F5BB /* SceneDelegate.swift */ = {isa = PBXFileReference; lastKnownFileType = sourcecode.swift; path = SceneDelegate.swift; sourceTree = "<group>"; };
		530EE0CD2B8B014800B2F5BB /* SessionStore.swift */ = {isa = PBXFileReference; lastKnownFileType = sourcecode.swift; path = SessionStore.swift; sourceTree = "<group>"; };
		530EE0CF2B8B01E700B2F5BB /* User.swift */ = {isa = PBXFileReference; lastKnownFileType = sourcecode.swift; path = User.swift; sourceTree = "<group>"; };
		530EE0D12B8B023C00B2F5BB /* Message.swift */ = {isa = PBXFileReference; lastKnownFileType = sourcecode.swift; path = Message.swift; sourceTree = "<group>"; };
		530EE0D52B8B041900B2F5BB /* ImageCache.swift */ = {isa = PBXFileReference; lastKnownFileType = sourcecode.swift; path = ImageCache.swift; sourceTree = "<group>"; };
		530EE0D72B8B043B00B2F5BB /* ImageLoader.swift */ = {isa = PBXFileReference; lastKnownFileType = sourcecode.swift; path = ImageLoader.swift; sourceTree = "<group>"; };
		530EE0D92B8B045600B2F5BB /* AsyncImage.swift */ = {isa = PBXFileReference; lastKnownFileType = sourcecode.swift; path = AsyncImage.swift; sourceTree = "<group>"; };
		530EE0DB2B8B047300B2F5BB /* Constants.swift */ = {isa = PBXFileReference; lastKnownFileType = sourcecode.swift; path = Constants.swift; sourceTree = "<group>"; };
		530EE0DD2B8B049500B2F5BB /* ErrorHandler.swift */ = {isa = PBXFileReference; lastKnownFileType = sourcecode.swift; path = ErrorHandler.swift; sourceTree = "<group>"; };
		530EE0DF2B8B04C100B2F5BB /* Keyboard+notification.swift */ = {isa = PBXFileReference; lastKnownFileType = sourcecode.swift; path = "Keyboard+notification.swift"; sourceTree = "<group>"; };
		530EE0E12B8B04DB00B2F5BB /* ImagePicker.swift */ = {isa = PBXFileReference; lastKnownFileType = sourcecode.swift; path = ImagePicker.swift; sourceTree = "<group>"; };
		530EE0E32B8B057200B2F5BB /* Extensions.swift */ = {isa = PBXFileReference; lastKnownFileType = sourcecode.swift; path = Extensions.swift; sourceTree = "<group>"; };
		530EE0E62B8B05A600B2F5BB /* CustomModifiers.swift */ = {isa = PBXFileReference; lastKnownFileType = sourcecode.swift; path = CustomModifiers.swift; sourceTree = "<group>"; };
		530EE0E82B8B05C000B2F5BB /* ShimmerView.swift */ = {isa = PBXFileReference; lastKnownFileType = sourcecode.swift; path = ShimmerView.swift; sourceTree = "<group>"; };
		530EE0EB2B8B062600B2F5BB /* ChatScreen.swift */ = {isa = PBXFileReference; lastKnownFileType = sourcecode.swift; path = ChatScreen.swift; sourceTree = "<group>"; };
		530EE0ED2B8B065900B2F5BB /* HomeView.swift */ = {isa = PBXFileReference; lastKnownFileType = sourcecode.swift; path = HomeView.swift; sourceTree = "<group>"; };
		530EE0EF2B8B069800B2F5BB /* ChatsView.swift */ = {isa = PBXFileReference; lastKnownFileType = sourcecode.swift; path = ChatsView.swift; sourceTree = "<group>"; };
		530EE0F12B8B06BC00B2F5BB /* NewChatsView.swift */ = {isa = PBXFileReference; lastKnownFileType = sourcecode.swift; path = NewChatsView.swift; sourceTree = "<group>"; };
		530EE0F32B8B06D800B2F5BB /* ChatLogView.swift */ = {isa = PBXFileReference; lastKnownFileType = sourcecode.swift; path = ChatLogView.swift; sourceTree = "<group>"; };
		530EE0F52B8B06F800B2F5BB /* ChatRow.swift */ = {isa = PBXFileReference; lastKnownFileType = sourcecode.swift; path = ChatRow.swift; sourceTree = "<group>"; };
		5321E9612B87BB9F007BDA85 /* BarcodeView.swift */ = {isa = PBXFileReference; lastKnownFileType = sourcecode.swift; path = BarcodeView.swift; sourceTree = "<group>"; };
		53268B832BC69334002DDE45 /* EditCardsPreviewCard.swift */ = {isa = PBXFileReference; lastKnownFileType = sourcecode.swift; path = EditCardsPreviewCard.swift; sourceTree = "<group>"; };
		532E41A62B2B23C5001664A3 /* Onboarding.swift */ = {isa = PBXFileReference; lastKnownFileType = sourcecode.swift; path = Onboarding.swift; sourceTree = "<group>"; };
		532E41AA2B2B46A1001664A3 /* LoginView.swift */ = {isa = PBXFileReference; lastKnownFileType = sourcecode.swift; path = LoginView.swift; sourceTree = "<group>"; };
		533DD53B2B2864D700692972 /* Reshuffle.app */ = {isa = PBXFileReference; explicitFileType = wrapper.application; includeInIndex = 0; path = Reshuffle.app; sourceTree = BUILT_PRODUCTS_DIR; };
		533DD53E2B2864D700692972 /* iOSAppApp.swift */ = {isa = PBXFileReference; lastKnownFileType = sourcecode.swift; path = iOSAppApp.swift; sourceTree = "<group>"; };
		533DD5402B2864D700692972 /* ContentView.swift */ = {isa = PBXFileReference; lastKnownFileType = sourcecode.swift; path = ContentView.swift; sourceTree = "<group>"; };
		533DD5422B2864D900692972 /* Assets.xcassets */ = {isa = PBXFileReference; lastKnownFileType = folder.assetcatalog; path = Assets.xcassets; sourceTree = "<group>"; };
		533DD5452B2864D900692972 /* Preview Assets.xcassets */ = {isa = PBXFileReference; lastKnownFileType = folder.assetcatalog; path = "Preview Assets.xcassets"; sourceTree = "<group>"; };
		533DD54C2B28690400692972 /* Explore.swift */ = {isa = PBXFileReference; lastKnownFileType = sourcecode.swift; path = Explore.swift; sourceTree = "<group>"; };
		533FD2AF2B923D4F00A41EAC /* SharingBusinessCard.swift */ = {isa = PBXFileReference; lastKnownFileType = sourcecode.swift; path = SharingBusinessCard.swift; sourceTree = "<group>"; };
		535B1EF12B9C3F7200AF9F42 /* BusinessCardMyCards.swift */ = {isa = PBXFileReference; lastKnownFileType = sourcecode.swift; path = BusinessCardMyCards.swift; sourceTree = "<group>"; };
		535B1EF32B9CA07500AF9F42 /* BusinessCardSaved.swift */ = {isa = PBXFileReference; lastKnownFileType = sourcecode.swift; path = BusinessCardSaved.swift; sourceTree = "<group>"; };
		537AF5212B2B180400FB2631 /* EditCards.swift */ = {isa = PBXFileReference; lastKnownFileType = sourcecode.swift; path = EditCards.swift; sourceTree = "<group>"; };
		53C0AE0F2B2B46FB008F8056 /* SignUpView.swift */ = {isa = PBXFileReference; lastKnownFileType = sourcecode.swift; path = SignUpView.swift; sourceTree = "<group>"; };
		53C0AE112B2B4921008F8056 /* FirstPage.swift */ = {isa = PBXFileReference; lastKnownFileType = sourcecode.swift; path = FirstPage.swift; sourceTree = "<group>"; };
		53D54E232B29A2980054F3E3 /* MyCards.swift */ = {isa = PBXFileReference; lastKnownFileType = sourcecode.swift; path = MyCards.swift; sourceTree = "<group>"; };
		53D96D322B2AEF7100339122 /* Settings.swift */ = {isa = PBXFileReference; lastKnownFileType = sourcecode.swift; path = Settings.swift; sourceTree = "<group>"; };
		53F9A9762B4137CC00FB72AD /* BusinessCard.swift */ = {isa = PBXFileReference; lastKnownFileType = sourcecode.swift; path = BusinessCard.swift; sourceTree = "<group>"; };
		53FFA5412B84C1B100ADA93B /* Info.plist */ = {isa = PBXFileReference; lastKnownFileType = text.plist; path = Info.plist; sourceTree = "<group>"; };
		7F6583472B4E452E00BECAE3 /* NotificationsView.swift */ = {isa = PBXFileReference; lastKnownFileType = sourcecode.swift; path = NotificationsView.swift; sourceTree = "<group>"; };
		9D6187E42BAD7B4D0001F53F /* Launch Screen.storyboard */ = {isa = PBXFileReference; lastKnownFileType = file.storyboard; path = "Launch Screen.storyboard"; sourceTree = "<group>"; };
/* End PBXFileReference section */

/* Begin PBXFrameworksBuildPhase section */
		533DD5382B2864D700692972 /* Frameworks */ = {
			isa = PBXFrameworksBuildPhase;
			buildActionMask = 2147483647;
			files = (
				53B38F382B99ACA400343AD4 /* FirebaseAnalyticsSwift in Frameworks */,
				53B38F3A2B99ACA400343AD4 /* FirebaseAnalyticsWithoutAdIdSupport in Frameworks */,
				53B38F342B99ACA400343AD4 /* FirebaseAnalytics in Frameworks */,
				5372BF892B87456600A07566 /* ExyteChat in Frameworks */,
				53B38F602B99ACA400343AD4 /* FirebasePerformance in Frameworks */,
				53B38F662B99ACA400343AD4 /* FirebaseStorage in Frameworks */,
				53B38F4C2B99ACA400343AD4 /* FirebaseFirestore in Frameworks */,
				53FFA5402B84C16600ADA93B /* GoogleSignInSwift in Frameworks */,
				53B38F542B99ACA400343AD4 /* FirebaseFunctionsCombine-Community in Frameworks */,
				53B38F642B99ACA400343AD4 /* FirebaseRemoteConfigSwift in Frameworks */,
				53B38F4A2B99ACA400343AD4 /* FirebaseDynamicLinks in Frameworks */,
				53B38F622B99ACA400343AD4 /* FirebaseRemoteConfig in Frameworks */,
				53B38F422B99ACA400343AD4 /* FirebaseAuthCombine-Community in Frameworks */,
				53B38F462B99ACA400343AD4 /* FirebaseDatabase in Frameworks */,
				53B38F522B99ACA400343AD4 /* FirebaseFunctions in Frameworks */,
				53B38F562B99ACA400343AD4 /* FirebaseInAppMessaging-Beta in Frameworks */,
				53DEBA502B99A60A008CBCE7 /* CodeScanner in Frameworks */,
				5372BF6D2B8726C200A07566 /* MessageKit in Frameworks */,
				53FFA53E2B84C16600ADA93B /* GoogleSignIn in Frameworks */,
				53B38F5A2B99ACA400343AD4 /* FirebaseInstallations in Frameworks */,
				53B38F5E2B99ACA400343AD4 /* FirebaseMessaging in Frameworks */,
				53DEBA4D2B99A5EB008CBCE7 /* SDWebImageSwiftUI in Frameworks */,
				53B38F682B99ACA400343AD4 /* FirebaseStorageCombine-Community in Frameworks */,
				53B38F4E2B99ACA400343AD4 /* FirebaseFirestoreCombine-Community in Frameworks */,
				53B38F582B99ACA400343AD4 /* FirebaseInAppMessagingSwift-Beta in Frameworks */,
				53B38F362B99ACA400343AD4 /* FirebaseAnalyticsOnDeviceConversion in Frameworks */,
				53B38F402B99ACA400343AD4 /* FirebaseAuth in Frameworks */,
				53B38F442B99ACA400343AD4 /* FirebaseCrashlytics in Frameworks */,
				53B38F502B99ACA400343AD4 /* FirebaseFirestoreSwift in Frameworks */,
				53B38F482B99ACA400343AD4 /* FirebaseDatabaseSwift in Frameworks */,
				53B38F5C2B99ACA400343AD4 /* FirebaseMLModelDownloader in Frameworks */,
				53B38F3C2B99ACA400343AD4 /* FirebaseAppCheck in Frameworks */,
				53B38F3E2B99ACA400343AD4 /* FirebaseAppDistribution-Beta in Frameworks */,
			);
			runOnlyForDeploymentPostprocessing = 0;
		};
/* End PBXFrameworksBuildPhase section */

/* Begin PBXGroup section */
		12C2E9762CA67B5100B863A4 /* Frameworks */ = {
			isa = PBXGroup;
			children = (
				12C2E9772CA67B5100B863A4 /* WatchConnectivity.framework */,
			);
			name = Frameworks;
			sourceTree = "<group>";
		};
		12C8943D2CAA8784000C3C73 /* Explore */ = {
			isa = PBXGroup;
			children = (
				12C8943B2CAA8784000C3C73 /* LocationManager.swift */,
				12C8943C2CAA8784000C3C73 /* SavedCards.swift */,
			);
			path = Explore;
			sourceTree = "<group>";
		};
		530EE0C52B8B006A00B2F5BB /* Chat */ = {
			isa = PBXGroup;
			children = (
				530EE0EA2B8B05E400B2F5BB /* View */,
				530EE0E52B8B058D00B2F5BB /* CustomView */,
				530EE0D32B8B03F100B2F5BB /* Utilities */,
				530EE0CC2B8B012B00B2F5BB /* Model */,
				530EE0C62B8B007B00B2F5BB /* App */,
			);
			path = Chat;
			sourceTree = "<group>";
		};
		530EE0C62B8B007B00B2F5BB /* App */ = {
			isa = PBXGroup;
			children = (
				530EE0C72B8B00AF00B2F5BB /* AppDelegate.swift */,
				530EE0C92B8B00EC00B2F5BB /* SceneDelegate.swift */,
			);
			path = App;
			sourceTree = "<group>";
		};
		530EE0CC2B8B012B00B2F5BB /* Model */ = {
			isa = PBXGroup;
			children = (
				530EE0CD2B8B014800B2F5BB /* SessionStore.swift */,
				530EE0CF2B8B01E700B2F5BB /* User.swift */,
				530EE0D12B8B023C00B2F5BB /* Message.swift */,
			);
			path = Model;
			sourceTree = "<group>";
		};
		530EE0D32B8B03F100B2F5BB /* Utilities */ = {
			isa = PBXGroup;
			children = (
				530EE0D42B8B03FB00B2F5BB /* AsyncImage */,
				530EE0DB2B8B047300B2F5BB /* Constants.swift */,
				530EE0DD2B8B049500B2F5BB /* ErrorHandler.swift */,
				530EE0DF2B8B04C100B2F5BB /* Keyboard+notification.swift */,
				530EE0E12B8B04DB00B2F5BB /* ImagePicker.swift */,
				530EE0E32B8B057200B2F5BB /* Extensions.swift */,
			);
			path = Utilities;
			sourceTree = "<group>";
		};
		530EE0D42B8B03FB00B2F5BB /* AsyncImage */ = {
			isa = PBXGroup;
			children = (
				530EE0D52B8B041900B2F5BB /* ImageCache.swift */,
				530EE0D72B8B043B00B2F5BB /* ImageLoader.swift */,
				530EE0D92B8B045600B2F5BB /* AsyncImage.swift */,
			);
			path = AsyncImage;
			sourceTree = "<group>";
		};
		530EE0E52B8B058D00B2F5BB /* CustomView */ = {
			isa = PBXGroup;
			children = (
				530EE0E62B8B05A600B2F5BB /* CustomModifiers.swift */,
				530EE0E82B8B05C000B2F5BB /* ShimmerView.swift */,
			);
			path = CustomView;
			sourceTree = "<group>";
		};
		530EE0EA2B8B05E400B2F5BB /* View */ = {
			isa = PBXGroup;
			children = (
				530EE0EB2B8B062600B2F5BB /* ChatScreen.swift */,
				530EE0ED2B8B065900B2F5BB /* HomeView.swift */,
				530EE0EF2B8B069800B2F5BB /* ChatsView.swift */,
				530EE0F12B8B06BC00B2F5BB /* NewChatsView.swift */,
				530EE0F32B8B06D800B2F5BB /* ChatLogView.swift */,
				530EE0F52B8B06F800B2F5BB /* ChatRow.swift */,
			);
			path = View;
			sourceTree = "<group>";
		};
		533DD5322B2864D700692972 = {
			isa = PBXGroup;
			children = (
				533DD53D2B2864D700692972 /* iOSApp */,
				533DD53C2B2864D700692972 /* Products */,
				12C2E9762CA67B5100B863A4 /* Frameworks */,
			);
			sourceTree = "<group>";
		};
		533DD53C2B2864D700692972 /* Products */ = {
			isa = PBXGroup;
			children = (
				533DD53B2B2864D700692972 /* Reshuffle.app */,
			);
			name = Products;
			sourceTree = "<group>";
		};
		533DD53D2B2864D700692972 /* iOSApp */ = {
			isa = PBXGroup;
			children = (
				12C8943D2CAA8784000C3C73 /* Explore */,
				53FFA5412B84C1B100ADA93B /* Info.plist */,
				533DD53E2B2864D700692972 /* iOSAppApp.swift */,
				533DD5402B2864D700692972 /* ContentView.swift */,
				532E41AA2B2B46A1001664A3 /* LoginView.swift */,
				53C0AE0F2B2B46FB008F8056 /* SignUpView.swift */,
				532E41A62B2B23C5001664A3 /* Onboarding.swift */,
				53268B832BC69334002DDE45 /* EditCardsPreviewCard.swift */,
				53D96D322B2AEF7100339122 /* Settings.swift */,
				53C0AE112B2B4921008F8056 /* FirstPage.swift */,
				9D6187E42BAD7B4D0001F53F /* Launch Screen.storyboard */,
				53D54E232B29A2980054F3E3 /* MyCards.swift */,
				5321E9612B87BB9F007BDA85 /* BarcodeView.swift */,
				7F6583472B4E452E00BECAE3 /* NotificationsView.swift */,
				53F9A9762B4137CC00FB72AD /* BusinessCard.swift */,
				535B1EF12B9C3F7200AF9F42 /* BusinessCardMyCards.swift */,
				535B1EF32B9CA07500AF9F42 /* BusinessCardSaved.swift */,
				533FD2AF2B923D4F00A41EAC /* SharingBusinessCard.swift */,
				530EE0C52B8B006A00B2F5BB /* Chat */,
				537AF5212B2B180400FB2631 /* EditCards.swift */,
				533DD54C2B28690400692972 /* Explore.swift */,
				533DD5422B2864D900692972 /* Assets.xcassets */,
				533DD5442B2864D900692972 /* Preview Content */,
			);
			path = iOSApp;
			sourceTree = "<group>";
		};
		533DD5442B2864D900692972 /* Preview Content */ = {
			isa = PBXGroup;
			children = (
				533DD5452B2864D900692972 /* Preview Assets.xcassets */,
				126018AF2CA7023E00E0788C /* GoogleService-Info.plist */,
			);
			path = "Preview Content";
			sourceTree = "<group>";
		};
/* End PBXGroup section */

/* Begin PBXNativeTarget section */
		533DD53A2B2864D700692972 /* iOSApp */ = {
			isa = PBXNativeTarget;
			buildConfigurationList = 533DD5492B2864D900692972 /* Build configuration list for PBXNativeTarget "iOSApp" */;
			buildPhases = (
				533DD5372B2864D700692972 /* Sources */,
				533DD5382B2864D700692972 /* Frameworks */,
				533DD5392B2864D700692972 /* Resources */,
				12C2E9722CA67B0300B863A4 /* Embed Watch Content */,
			);
			buildRules = (
			);
			dependencies = (
			);
			name = iOSApp;
			packageProductDependencies = (
				53FFA53D2B84C16600ADA93B /* GoogleSignIn */,
				53FFA53F2B84C16600ADA93B /* GoogleSignInSwift */,
				5372BF6C2B8726C200A07566 /* MessageKit */,
				5372BF882B87456600A07566 /* ExyteChat */,
				53DEBA4C2B99A5EB008CBCE7 /* SDWebImageSwiftUI */,
				53DEBA4F2B99A60A008CBCE7 /* CodeScanner */,
				53B38F332B99ACA400343AD4 /* FirebaseAnalytics */,
				53B38F352B99ACA400343AD4 /* FirebaseAnalyticsOnDeviceConversion */,
				53B38F372B99ACA400343AD4 /* FirebaseAnalyticsSwift */,
				53B38F392B99ACA400343AD4 /* FirebaseAnalyticsWithoutAdIdSupport */,
				53B38F3B2B99ACA400343AD4 /* FirebaseAppCheck */,
				53B38F3D2B99ACA400343AD4 /* FirebaseAppDistribution-Beta */,
				53B38F3F2B99ACA400343AD4 /* FirebaseAuth */,
				53B38F412B99ACA400343AD4 /* FirebaseAuthCombine-Community */,
				53B38F432B99ACA400343AD4 /* FirebaseCrashlytics */,
				53B38F452B99ACA400343AD4 /* FirebaseDatabase */,
				53B38F472B99ACA400343AD4 /* FirebaseDatabaseSwift */,
				53B38F492B99ACA400343AD4 /* FirebaseDynamicLinks */,
				53B38F4B2B99ACA400343AD4 /* FirebaseFirestore */,
				53B38F4D2B99ACA400343AD4 /* FirebaseFirestoreCombine-Community */,
				53B38F4F2B99ACA400343AD4 /* FirebaseFirestoreSwift */,
				53B38F512B99ACA400343AD4 /* FirebaseFunctions */,
				53B38F532B99ACA400343AD4 /* FirebaseFunctionsCombine-Community */,
				53B38F552B99ACA400343AD4 /* FirebaseInAppMessaging-Beta */,
				53B38F572B99ACA400343AD4 /* FirebaseInAppMessagingSwift-Beta */,
				53B38F592B99ACA400343AD4 /* FirebaseInstallations */,
				53B38F5B2B99ACA400343AD4 /* FirebaseMLModelDownloader */,
				53B38F5D2B99ACA400343AD4 /* FirebaseMessaging */,
				53B38F5F2B99ACA400343AD4 /* FirebasePerformance */,
				53B38F612B99ACA400343AD4 /* FirebaseRemoteConfig */,
				53B38F632B99ACA400343AD4 /* FirebaseRemoteConfigSwift */,
				53B38F652B99ACA400343AD4 /* FirebaseStorage */,
				53B38F672B99ACA400343AD4 /* FirebaseStorageCombine-Community */,
			);
			productName = iOSApp;
			productReference = 533DD53B2B2864D700692972 /* Reshuffle.app */;
			productType = "com.apple.product-type.application";
		};
/* End PBXNativeTarget section */

/* Begin PBXProject section */
		533DD5332B2864D700692972 /* Project object */ = {
			isa = PBXProject;
			attributes = {
				BuildIndependentTargetsInParallel = 1;
				LastSwiftUpdateCheck = 1540;
				LastUpgradeCheck = 1500;
				TargetAttributes = {
					533DD53A2B2864D700692972 = {
						CreatedOnToolsVersion = 15.0.1;
					};
				};
			};
			buildConfigurationList = 533DD5362B2864D700692972 /* Build configuration list for PBXProject "iOSApp" */;
			compatibilityVersion = "Xcode 14.0";
			developmentRegion = en;
			hasScannedForEncodings = 0;
			knownRegions = (
				en,
				Base,
			);
			mainGroup = 533DD5322B2864D700692972;
			packageReferences = (
				53FFA53C2B84C16600ADA93B /* XCRemoteSwiftPackageReference "GoogleSignIn-iOS" */,
				5372BF6B2B8726C200A07566 /* XCRemoteSwiftPackageReference "MessageKit" */,
				5372BF872B87456600A07566 /* XCRemoteSwiftPackageReference "Chat" */,
				53DEBA4B2B99A5EB008CBCE7 /* XCRemoteSwiftPackageReference "SDWebImageSwiftUI" */,
				53DEBA4E2B99A60A008CBCE7 /* XCRemoteSwiftPackageReference "CodeScanner" */,
				53B38F322B99ACA400343AD4 /* XCRemoteSwiftPackageReference "firebase-ios-sdk" */,
			);
			productRefGroup = 533DD53C2B2864D700692972 /* Products */;
			projectDirPath = "";
			projectRoot = "";
			targets = (
				533DD53A2B2864D700692972 /* iOSApp */,
			);
		};
/* End PBXProject section */

/* Begin PBXResourcesBuildPhase section */
		533DD5392B2864D700692972 /* Resources */ = {
			isa = PBXResourcesBuildPhase;
			buildActionMask = 2147483647;
			files = (
				533DD5462B2864D900692972 /* Preview Assets.xcassets in Resources */,
				126018B02CA7023E00E0788C /* GoogleService-Info.plist in Resources */,
				533DD5432B2864D900692972 /* Assets.xcassets in Resources */,
				9D6187E52BAD7B4D0001F53F /* Launch Screen.storyboard in Resources */,
			);
			runOnlyForDeploymentPostprocessing = 0;
		};
/* End PBXResourcesBuildPhase section */

/* Begin PBXSourcesBuildPhase section */
		533DD5372B2864D700692972 /* Sources */ = {
			isa = PBXSourcesBuildPhase;
			buildActionMask = 2147483647;
			files = (
				530EE0F02B8B069800B2F5BB /* ChatsView.swift in Sources */,
				530EE0D62B8B041900B2F5BB /* ImageCache.swift in Sources */,
				533DD5412B2864D700692972 /* ContentView.swift in Sources */,
				533DD53F2B2864D700692972 /* iOSAppApp.swift in Sources */,
				533DD54D2B28690400692972 /* Explore.swift in Sources */,
				530EE0D22B8B023C00B2F5BB /* Message.swift in Sources */,
				530EE0CE2B8B014800B2F5BB /* SessionStore.swift in Sources */,
				535B1EF42B9CA07500AF9F42 /* BusinessCardSaved.swift in Sources */,
				532E41A72B2B23C5001664A3 /* Onboarding.swift in Sources */,
				53C0AE122B2B4921008F8056 /* FirstPage.swift in Sources */,
				530EE0EC2B8B062600B2F5BB /* ChatScreen.swift in Sources */,
				53268B842BC69334002DDE45 /* EditCardsPreviewCard.swift in Sources */,
				530EE0F62B8B06F800B2F5BB /* ChatRow.swift in Sources */,
				530EE0F42B8B06D800B2F5BB /* ChatLogView.swift in Sources */,
				530EE0EE2B8B065900B2F5BB /* HomeView.swift in Sources */,
				530EE0DA2B8B045600B2F5BB /* AsyncImage.swift in Sources */,
				537AF5222B2B180400FB2631 /* EditCards.swift in Sources */,
				530EE0E42B8B057200B2F5BB /* Extensions.swift in Sources */,
				530EE0E92B8B05C000B2F5BB /* ShimmerView.swift in Sources */,
				530EE0E02B8B04C100B2F5BB /* Keyboard+notification.swift in Sources */,
				53F9A9772B4137CC00FB72AD /* BusinessCard.swift in Sources */,
				533FD2B02B923D4F00A41EAC /* SharingBusinessCard.swift in Sources */,
				530EE0C82B8B00AF00B2F5BB /* AppDelegate.swift in Sources */,
				53D54E242B29A2980054F3E3 /* MyCards.swift in Sources */,
				530EE0E22B8B04DB00B2F5BB /* ImagePicker.swift in Sources */,
				532E41AB2B2B46A1001664A3 /* LoginView.swift in Sources */,
				7F6583482B4E452E00BECAE3 /* NotificationsView.swift in Sources */,
				530EE0DE2B8B049500B2F5BB /* ErrorHandler.swift in Sources */,
				530EE0F22B8B06BC00B2F5BB /* NewChatsView.swift in Sources */,
				530EE0DC2B8B047300B2F5BB /* Constants.swift in Sources */,
				12C8943E2CAA8784000C3C73 /* LocationManager.swift in Sources */,
				12C8943F2CAA8784000C3C73 /* SavedCards.swift in Sources */,
				530EE0D02B8B01E700B2F5BB /* User.swift in Sources */,
				53C0AE102B2B46FB008F8056 /* SignUpView.swift in Sources */,
				530EE0E72B8B05A600B2F5BB /* CustomModifiers.swift in Sources */,
				530EE0CA2B8B00EC00B2F5BB /* SceneDelegate.swift in Sources */,
				530EE0D82B8B043B00B2F5BB /* ImageLoader.swift in Sources */,
				53D96D332B2AEF7100339122 /* Settings.swift in Sources */,
				5321E9622B87BB9F007BDA85 /* BarcodeView.swift in Sources */,
				535B1EF22B9C3F7200AF9F42 /* BusinessCardMyCards.swift in Sources */,
			);
			runOnlyForDeploymentPostprocessing = 0;
		};
/* End PBXSourcesBuildPhase section */

/* Begin XCBuildConfiguration section */
		533DD5472B2864D900692972 /* Debug */ = {
			isa = XCBuildConfiguration;
			buildSettings = {
				ALWAYS_SEARCH_USER_PATHS = NO;
				ASSETCATALOG_COMPILER_GENERATE_SWIFT_ASSET_SYMBOL_EXTENSIONS = YES;
				CLANG_ANALYZER_NONNULL = YES;
				CLANG_ANALYZER_NUMBER_OBJECT_CONVERSION = YES_AGGRESSIVE;
				CLANG_CXX_LANGUAGE_STANDARD = "gnu++20";
				CLANG_ENABLE_MODULES = YES;
				CLANG_ENABLE_OBJC_ARC = YES;
				CLANG_ENABLE_OBJC_WEAK = YES;
				CLANG_WARN_BLOCK_CAPTURE_AUTORELEASING = YES;
				CLANG_WARN_BOOL_CONVERSION = YES;
				CLANG_WARN_COMMA = YES;
				CLANG_WARN_CONSTANT_CONVERSION = YES;
				CLANG_WARN_DEPRECATED_OBJC_IMPLEMENTATIONS = YES;
				CLANG_WARN_DIRECT_OBJC_ISA_USAGE = YES_ERROR;
				CLANG_WARN_DOCUMENTATION_COMMENTS = YES;
				CLANG_WARN_EMPTY_BODY = YES;
				CLANG_WARN_ENUM_CONVERSION = YES;
				CLANG_WARN_INFINITE_RECURSION = YES;
				CLANG_WARN_INT_CONVERSION = YES;
				CLANG_WARN_NON_LITERAL_NULL_CONVERSION = YES;
				CLANG_WARN_OBJC_IMPLICIT_RETAIN_SELF = YES;
				CLANG_WARN_OBJC_LITERAL_CONVERSION = YES;
				CLANG_WARN_OBJC_ROOT_CLASS = YES_ERROR;
				CLANG_WARN_QUOTED_INCLUDE_IN_FRAMEWORK_HEADER = YES;
				CLANG_WARN_RANGE_LOOP_ANALYSIS = YES;
				CLANG_WARN_STRICT_PROTOTYPES = YES;
				CLANG_WARN_SUSPICIOUS_MOVE = YES;
				CLANG_WARN_UNGUARDED_AVAILABILITY = YES_AGGRESSIVE;
				CLANG_WARN_UNREACHABLE_CODE = YES;
				CLANG_WARN__DUPLICATE_METHOD_MATCH = YES;
				COPY_PHASE_STRIP = NO;
				DEBUG_INFORMATION_FORMAT = dwarf;
				ENABLE_STRICT_OBJC_MSGSEND = YES;
				ENABLE_TESTABILITY = YES;
				ENABLE_USER_SCRIPT_SANDBOXING = YES;
				GCC_C_LANGUAGE_STANDARD = gnu17;
				GCC_DYNAMIC_NO_PIC = NO;
				GCC_NO_COMMON_BLOCKS = YES;
				GCC_OPTIMIZATION_LEVEL = 0;
				GCC_PREPROCESSOR_DEFINITIONS = (
					"DEBUG=1",
					"$(inherited)",
				);
				GCC_WARN_64_TO_32_BIT_CONVERSION = YES;
				GCC_WARN_ABOUT_RETURN_TYPE = YES_ERROR;
				GCC_WARN_UNDECLARED_SELECTOR = YES;
				GCC_WARN_UNINITIALIZED_AUTOS = YES_AGGRESSIVE;
				GCC_WARN_UNUSED_FUNCTION = YES;
				GCC_WARN_UNUSED_VARIABLE = YES;
				IPHONEOS_DEPLOYMENT_TARGET = 17.2;
				LOCALIZATION_PREFERS_STRING_CATALOGS = YES;
				MTL_ENABLE_DEBUG_INFO = INCLUDE_SOURCE;
				MTL_FAST_MATH = YES;
				ONLY_ACTIVE_ARCH = YES;
				SDKROOT = iphoneos;
				SWIFT_ACTIVE_COMPILATION_CONDITIONS = "DEBUG $(inherited)";
				SWIFT_OPTIMIZATION_LEVEL = "-Onone";
			};
			name = Debug;
		};
		533DD5482B2864D900692972 /* Release */ = {
			isa = XCBuildConfiguration;
			buildSettings = {
				ALWAYS_SEARCH_USER_PATHS = NO;
				ASSETCATALOG_COMPILER_GENERATE_SWIFT_ASSET_SYMBOL_EXTENSIONS = YES;
				CLANG_ANALYZER_NONNULL = YES;
				CLANG_ANALYZER_NUMBER_OBJECT_CONVERSION = YES_AGGRESSIVE;
				CLANG_CXX_LANGUAGE_STANDARD = "gnu++20";
				CLANG_ENABLE_MODULES = YES;
				CLANG_ENABLE_OBJC_ARC = YES;
				CLANG_ENABLE_OBJC_WEAK = YES;
				CLANG_WARN_BLOCK_CAPTURE_AUTORELEASING = YES;
				CLANG_WARN_BOOL_CONVERSION = YES;
				CLANG_WARN_COMMA = YES;
				CLANG_WARN_CONSTANT_CONVERSION = YES;
				CLANG_WARN_DEPRECATED_OBJC_IMPLEMENTATIONS = YES;
				CLANG_WARN_DIRECT_OBJC_ISA_USAGE = YES_ERROR;
				CLANG_WARN_DOCUMENTATION_COMMENTS = YES;
				CLANG_WARN_EMPTY_BODY = YES;
				CLANG_WARN_ENUM_CONVERSION = YES;
				CLANG_WARN_INFINITE_RECURSION = YES;
				CLANG_WARN_INT_CONVERSION = YES;
				CLANG_WARN_NON_LITERAL_NULL_CONVERSION = YES;
				CLANG_WARN_OBJC_IMPLICIT_RETAIN_SELF = YES;
				CLANG_WARN_OBJC_LITERAL_CONVERSION = YES;
				CLANG_WARN_OBJC_ROOT_CLASS = YES_ERROR;
				CLANG_WARN_QUOTED_INCLUDE_IN_FRAMEWORK_HEADER = YES;
				CLANG_WARN_RANGE_LOOP_ANALYSIS = YES;
				CLANG_WARN_STRICT_PROTOTYPES = YES;
				CLANG_WARN_SUSPICIOUS_MOVE = YES;
				CLANG_WARN_UNGUARDED_AVAILABILITY = YES_AGGRESSIVE;
				CLANG_WARN_UNREACHABLE_CODE = YES;
				CLANG_WARN__DUPLICATE_METHOD_MATCH = YES;
				COPY_PHASE_STRIP = NO;
				DEBUG_INFORMATION_FORMAT = "dwarf-with-dsym";
				ENABLE_NS_ASSERTIONS = NO;
				ENABLE_STRICT_OBJC_MSGSEND = YES;
				ENABLE_USER_SCRIPT_SANDBOXING = YES;
				GCC_C_LANGUAGE_STANDARD = gnu17;
				GCC_NO_COMMON_BLOCKS = YES;
				GCC_WARN_64_TO_32_BIT_CONVERSION = YES;
				GCC_WARN_ABOUT_RETURN_TYPE = YES_ERROR;
				GCC_WARN_UNDECLARED_SELECTOR = YES;
				GCC_WARN_UNINITIALIZED_AUTOS = YES_AGGRESSIVE;
				GCC_WARN_UNUSED_FUNCTION = YES;
				GCC_WARN_UNUSED_VARIABLE = YES;
				IPHONEOS_DEPLOYMENT_TARGET = 17.2;
				LOCALIZATION_PREFERS_STRING_CATALOGS = YES;
				MTL_ENABLE_DEBUG_INFO = NO;
				MTL_FAST_MATH = YES;
				SDKROOT = iphoneos;
				SWIFT_COMPILATION_MODE = wholemodule;
				VALIDATE_PRODUCT = YES;
			};
			name = Release;
		};
		533DD54A2B2864D900692972 /* Debug */ = {
			isa = XCBuildConfiguration;
			buildSettings = {
				ASSETCATALOG_COMPILER_APPICON_NAME = AppIcon;
				ASSETCATALOG_COMPILER_GLOBAL_ACCENT_COLOR_NAME = AccentColor;
				CODE_SIGN_STYLE = Manual;
				CURRENT_PROJECT_VERSION = 1;
				DEVELOPMENT_ASSET_PATHS = "\"iOSApp/Preview Content\"";
				DEVELOPMENT_TEAM = "";
				ENABLE_PREVIEWS = YES;
				GENERATE_INFOPLIST_FILE = YES;
				INFOPLIST_FILE = iOSApp/Info.plist;
				INFOPLIST_KEY_NSCameraUsageDescription = "We need access to the camera for scanning QR codes.";
				INFOPLIST_KEY_NSLocationAlwaysAndWhenInUseUsageDescription = "We need your location to provide accurate services and features when you're using Reshuffle.";
				INFOPLIST_KEY_NSLocationAlwaysUsageDescription = "Reshuffle requires continuous access to your location for enhanced features, even when the app is in the background.";
				INFOPLIST_KEY_NSLocationWhenInUseUsageDescription = "We need your location to provide accurate services and features when you're using Reshuffle.";
				INFOPLIST_KEY_UIApplicationSceneManifest_Generation = YES;
				INFOPLIST_KEY_UIApplicationSupportsIndirectInputEvents = YES;
				INFOPLIST_KEY_UILaunchScreen_Generation = YES;
				INFOPLIST_KEY_UILaunchStoryboardName = "Launch Screen.storyboard";
				INFOPLIST_KEY_UISupportedInterfaceOrientations_iPad = "UIInterfaceOrientationPortrait UIInterfaceOrientationPortraitUpsideDown UIInterfaceOrientationLandscapeLeft UIInterfaceOrientationLandscapeRight";
				INFOPLIST_KEY_UISupportedInterfaceOrientations_iPhone = "UIInterfaceOrientationPortrait UIInterfaceOrientationLandscapeLeft UIInterfaceOrientationLandscapeRight";
				IPHONEOS_DEPLOYMENT_TARGET = 17.4;
				LD_RUNPATH_SEARCH_PATHS = (
					"$(inherited)",
					"@executable_path/Frameworks",
				);
				MARKETING_VERSION = 1.0;
				PRODUCT_BUNDLE_IDENTIFIER = com.srijan.Reshuffle;
				PRODUCT_NAME = Reshuffle;
				PROVISIONING_PROFILE_SPECIFIER = "";
				SWIFT_EMIT_LOC_STRINGS = YES;
				SWIFT_VERSION = 5.0;
				TARGETED_DEVICE_FAMILY = "1,2";
			};
			name = Debug;
		};
		533DD54B2B2864D900692972 /* Release */ = {
			isa = XCBuildConfiguration;
			buildSettings = {
				ASSETCATALOG_COMPILER_APPICON_NAME = AppIcon;
				ASSETCATALOG_COMPILER_GLOBAL_ACCENT_COLOR_NAME = AccentColor;
				CODE_SIGN_STYLE = Manual;
				CURRENT_PROJECT_VERSION = 1;
				DEVELOPMENT_ASSET_PATHS = "\"iOSApp/Preview Content\"";
				DEVELOPMENT_TEAM = "";
				ENABLE_PREVIEWS = YES;
				GENERATE_INFOPLIST_FILE = YES;
				INFOPLIST_FILE = iOSApp/Info.plist;
				INFOPLIST_KEY_NSCameraUsageDescription = "We need access to the camera for scanning QR codes.";
				INFOPLIST_KEY_NSLocationAlwaysAndWhenInUseUsageDescription = "We need your location to provide accurate services and features when you're using Reshuffle.";
				INFOPLIST_KEY_NSLocationAlwaysUsageDescription = "Reshuffle requires continuous access to your location for enhanced features, even when the app is in the background.";
				INFOPLIST_KEY_NSLocationWhenInUseUsageDescription = "We need your location to provide accurate services and features when you're using Reshuffle.";
				INFOPLIST_KEY_UIApplicationSceneManifest_Generation = YES;
				INFOPLIST_KEY_UIApplicationSupportsIndirectInputEvents = YES;
				INFOPLIST_KEY_UILaunchScreen_Generation = YES;
				INFOPLIST_KEY_UILaunchStoryboardName = "Launch Screen.storyboard";
				INFOPLIST_KEY_UISupportedInterfaceOrientations_iPad = "UIInterfaceOrientationPortrait UIInterfaceOrientationPortraitUpsideDown UIInterfaceOrientationLandscapeLeft UIInterfaceOrientationLandscapeRight";
				INFOPLIST_KEY_UISupportedInterfaceOrientations_iPhone = "UIInterfaceOrientationPortrait UIInterfaceOrientationLandscapeLeft UIInterfaceOrientationLandscapeRight";
				IPHONEOS_DEPLOYMENT_TARGET = 17.4;
				LD_RUNPATH_SEARCH_PATHS = (
					"$(inherited)",
					"@executable_path/Frameworks",
				);
				MARKETING_VERSION = 1.0;
				PRODUCT_BUNDLE_IDENTIFIER = com.srijan.Reshuffle;
				PRODUCT_NAME = Reshuffle;
				PROVISIONING_PROFILE_SPECIFIER = "";
				SWIFT_EMIT_LOC_STRINGS = YES;
				SWIFT_VERSION = 5.0;
				TARGETED_DEVICE_FAMILY = "1,2";
			};
			name = Release;
		};
/* End XCBuildConfiguration section */

/* Begin XCConfigurationList section */
		533DD5362B2864D700692972 /* Build configuration list for PBXProject "iOSApp" */ = {
			isa = XCConfigurationList;
			buildConfigurations = (
				533DD5472B2864D900692972 /* Debug */,
				533DD5482B2864D900692972 /* Release */,
			);
			defaultConfigurationIsVisible = 0;
			defaultConfigurationName = Release;
		};
		533DD5492B2864D900692972 /* Build configuration list for PBXNativeTarget "iOSApp" */ = {
			isa = XCConfigurationList;
			buildConfigurations = (
				533DD54A2B2864D900692972 /* Debug */,
				533DD54B2B2864D900692972 /* Release */,
			);
			defaultConfigurationIsVisible = 0;
			defaultConfigurationName = Release;
		};
/* End XCConfigurationList section */

/* Begin XCRemoteSwiftPackageReference section */
		5372BF6B2B8726C200A07566 /* XCRemoteSwiftPackageReference "MessageKit" */ = {
			isa = XCRemoteSwiftPackageReference;
			repositoryURL = "https://github.com/MessageKit/MessageKit.git";
			requirement = {
				kind = upToNextMajorVersion;
				minimumVersion = 4.2.0;
			};
		};
		5372BF872B87456600A07566 /* XCRemoteSwiftPackageReference "Chat" */ = {
			isa = XCRemoteSwiftPackageReference;
			repositoryURL = "https://github.com/exyte/Chat.git";
			requirement = {
				kind = upToNextMajorVersion;
				minimumVersion = 1.3.5;
			};
		};
		53B38F322B99ACA400343AD4 /* XCRemoteSwiftPackageReference "firebase-ios-sdk" */ = {
			isa = XCRemoteSwiftPackageReference;
			repositoryURL = "https://github.com/firebase/firebase-ios-sdk.git";
			requirement = {
				kind = upToNextMajorVersion;
				minimumVersion = 10.22.0;
			};
		};
		53DEBA4B2B99A5EB008CBCE7 /* XCRemoteSwiftPackageReference "SDWebImageSwiftUI" */ = {
			isa = XCRemoteSwiftPackageReference;
			repositoryURL = "https://github.com/SDWebImage/SDWebImageSwiftUI.git";
			requirement = {
				kind = upToNextMajorVersion;
				minimumVersion = 2.2.6;
			};
		};
		53DEBA4E2B99A60A008CBCE7 /* XCRemoteSwiftPackageReference "CodeScanner" */ = {
			isa = XCRemoteSwiftPackageReference;
			repositoryURL = "https://github.com/twostraws/CodeScanner";
			requirement = {
				kind = upToNextMajorVersion;
				minimumVersion = 2.4.0;
			};
		};
		53FFA53C2B84C16600ADA93B /* XCRemoteSwiftPackageReference "GoogleSignIn-iOS" */ = {
			isa = XCRemoteSwiftPackageReference;
			repositoryURL = "https://github.com/google/GoogleSignIn-iOS.git";
			requirement = {
				kind = upToNextMajorVersion;
				minimumVersion = 7.0.0;
			};
		};
/* End XCRemoteSwiftPackageReference section */

/* Begin XCSwiftPackageProductDependency section */
		5372BF6C2B8726C200A07566 /* MessageKit */ = {
			isa = XCSwiftPackageProductDependency;
			package = 5372BF6B2B8726C200A07566 /* XCRemoteSwiftPackageReference "MessageKit" */;
			productName = MessageKit;
		};
		5372BF882B87456600A07566 /* ExyteChat */ = {
			isa = XCSwiftPackageProductDependency;
			package = 5372BF872B87456600A07566 /* XCRemoteSwiftPackageReference "Chat" */;
			productName = ExyteChat;
		};
		53B38F332B99ACA400343AD4 /* FirebaseAnalytics */ = {
			isa = XCSwiftPackageProductDependency;
			package = 53B38F322B99ACA400343AD4 /* XCRemoteSwiftPackageReference "firebase-ios-sdk" */;
			productName = FirebaseAnalytics;
		};
		53B38F352B99ACA400343AD4 /* FirebaseAnalyticsOnDeviceConversion */ = {
			isa = XCSwiftPackageProductDependency;
			package = 53B38F322B99ACA400343AD4 /* XCRemoteSwiftPackageReference "firebase-ios-sdk" */;
			productName = FirebaseAnalyticsOnDeviceConversion;
		};
		53B38F372B99ACA400343AD4 /* FirebaseAnalyticsSwift */ = {
			isa = XCSwiftPackageProductDependency;
			package = 53B38F322B99ACA400343AD4 /* XCRemoteSwiftPackageReference "firebase-ios-sdk" */;
			productName = FirebaseAnalyticsSwift;
		};
		53B38F392B99ACA400343AD4 /* FirebaseAnalyticsWithoutAdIdSupport */ = {
			isa = XCSwiftPackageProductDependency;
			package = 53B38F322B99ACA400343AD4 /* XCRemoteSwiftPackageReference "firebase-ios-sdk" */;
			productName = FirebaseAnalyticsWithoutAdIdSupport;
		};
		53B38F3B2B99ACA400343AD4 /* FirebaseAppCheck */ = {
			isa = XCSwiftPackageProductDependency;
			package = 53B38F322B99ACA400343AD4 /* XCRemoteSwiftPackageReference "firebase-ios-sdk" */;
			productName = FirebaseAppCheck;
		};
		53B38F3D2B99ACA400343AD4 /* FirebaseAppDistribution-Beta */ = {
			isa = XCSwiftPackageProductDependency;
			package = 53B38F322B99ACA400343AD4 /* XCRemoteSwiftPackageReference "firebase-ios-sdk" */;
			productName = "FirebaseAppDistribution-Beta";
		};
		53B38F3F2B99ACA400343AD4 /* FirebaseAuth */ = {
			isa = XCSwiftPackageProductDependency;
			package = 53B38F322B99ACA400343AD4 /* XCRemoteSwiftPackageReference "firebase-ios-sdk" */;
			productName = FirebaseAuth;
		};
		53B38F412B99ACA400343AD4 /* FirebaseAuthCombine-Community */ = {
			isa = XCSwiftPackageProductDependency;
			package = 53B38F322B99ACA400343AD4 /* XCRemoteSwiftPackageReference "firebase-ios-sdk" */;
			productName = "FirebaseAuthCombine-Community";
		};
		53B38F432B99ACA400343AD4 /* FirebaseCrashlytics */ = {
			isa = XCSwiftPackageProductDependency;
			package = 53B38F322B99ACA400343AD4 /* XCRemoteSwiftPackageReference "firebase-ios-sdk" */;
			productName = FirebaseCrashlytics;
		};
		53B38F452B99ACA400343AD4 /* FirebaseDatabase */ = {
			isa = XCSwiftPackageProductDependency;
			package = 53B38F322B99ACA400343AD4 /* XCRemoteSwiftPackageReference "firebase-ios-sdk" */;
			productName = FirebaseDatabase;
		};
		53B38F472B99ACA400343AD4 /* FirebaseDatabaseSwift */ = {
			isa = XCSwiftPackageProductDependency;
			package = 53B38F322B99ACA400343AD4 /* XCRemoteSwiftPackageReference "firebase-ios-sdk" */;
			productName = FirebaseDatabaseSwift;
		};
		53B38F492B99ACA400343AD4 /* FirebaseDynamicLinks */ = {
			isa = XCSwiftPackageProductDependency;
			package = 53B38F322B99ACA400343AD4 /* XCRemoteSwiftPackageReference "firebase-ios-sdk" */;
			productName = FirebaseDynamicLinks;
		};
		53B38F4B2B99ACA400343AD4 /* FirebaseFirestore */ = {
			isa = XCSwiftPackageProductDependency;
			package = 53B38F322B99ACA400343AD4 /* XCRemoteSwiftPackageReference "firebase-ios-sdk" */;
			productName = FirebaseFirestore;
		};
		53B38F4D2B99ACA400343AD4 /* FirebaseFirestoreCombine-Community */ = {
			isa = XCSwiftPackageProductDependency;
			package = 53B38F322B99ACA400343AD4 /* XCRemoteSwiftPackageReference "firebase-ios-sdk" */;
			productName = "FirebaseFirestoreCombine-Community";
		};
		53B38F4F2B99ACA400343AD4 /* FirebaseFirestoreSwift */ = {
			isa = XCSwiftPackageProductDependency;
			package = 53B38F322B99ACA400343AD4 /* XCRemoteSwiftPackageReference "firebase-ios-sdk" */;
			productName = FirebaseFirestoreSwift;
		};
		53B38F512B99ACA400343AD4 /* FirebaseFunctions */ = {
			isa = XCSwiftPackageProductDependency;
			package = 53B38F322B99ACA400343AD4 /* XCRemoteSwiftPackageReference "firebase-ios-sdk" */;
			productName = FirebaseFunctions;
		};
		53B38F532B99ACA400343AD4 /* FirebaseFunctionsCombine-Community */ = {
			isa = XCSwiftPackageProductDependency;
			package = 53B38F322B99ACA400343AD4 /* XCRemoteSwiftPackageReference "firebase-ios-sdk" */;
			productName = "FirebaseFunctionsCombine-Community";
		};
		53B38F552B99ACA400343AD4 /* FirebaseInAppMessaging-Beta */ = {
			isa = XCSwiftPackageProductDependency;
			package = 53B38F322B99ACA400343AD4 /* XCRemoteSwiftPackageReference "firebase-ios-sdk" */;
			productName = "FirebaseInAppMessaging-Beta";
		};
		53B38F572B99ACA400343AD4 /* FirebaseInAppMessagingSwift-Beta */ = {
			isa = XCSwiftPackageProductDependency;
			package = 53B38F322B99ACA400343AD4 /* XCRemoteSwiftPackageReference "firebase-ios-sdk" */;
			productName = "FirebaseInAppMessagingSwift-Beta";
		};
		53B38F592B99ACA400343AD4 /* FirebaseInstallations */ = {
			isa = XCSwiftPackageProductDependency;
			package = 53B38F322B99ACA400343AD4 /* XCRemoteSwiftPackageReference "firebase-ios-sdk" */;
			productName = FirebaseInstallations;
		};
		53B38F5B2B99ACA400343AD4 /* FirebaseMLModelDownloader */ = {
			isa = XCSwiftPackageProductDependency;
			package = 53B38F322B99ACA400343AD4 /* XCRemoteSwiftPackageReference "firebase-ios-sdk" */;
			productName = FirebaseMLModelDownloader;
		};
		53B38F5D2B99ACA400343AD4 /* FirebaseMessaging */ = {
			isa = XCSwiftPackageProductDependency;
			package = 53B38F322B99ACA400343AD4 /* XCRemoteSwiftPackageReference "firebase-ios-sdk" */;
			productName = FirebaseMessaging;
		};
		53B38F5F2B99ACA400343AD4 /* FirebasePerformance */ = {
			isa = XCSwiftPackageProductDependency;
			package = 53B38F322B99ACA400343AD4 /* XCRemoteSwiftPackageReference "firebase-ios-sdk" */;
			productName = FirebasePerformance;
		};
		53B38F612B99ACA400343AD4 /* FirebaseRemoteConfig */ = {
			isa = XCSwiftPackageProductDependency;
			package = 53B38F322B99ACA400343AD4 /* XCRemoteSwiftPackageReference "firebase-ios-sdk" */;
			productName = FirebaseRemoteConfig;
		};
		53B38F632B99ACA400343AD4 /* FirebaseRemoteConfigSwift */ = {
			isa = XCSwiftPackageProductDependency;
			package = 53B38F322B99ACA400343AD4 /* XCRemoteSwiftPackageReference "firebase-ios-sdk" */;
			productName = FirebaseRemoteConfigSwift;
		};
		53B38F652B99ACA400343AD4 /* FirebaseStorage */ = {
			isa = XCSwiftPackageProductDependency;
			package = 53B38F322B99ACA400343AD4 /* XCRemoteSwiftPackageReference "firebase-ios-sdk" */;
			productName = FirebaseStorage;
		};
		53B38F672B99ACA400343AD4 /* FirebaseStorageCombine-Community */ = {
			isa = XCSwiftPackageProductDependency;
			package = 53B38F322B99ACA400343AD4 /* XCRemoteSwiftPackageReference "firebase-ios-sdk" */;
			productName = "FirebaseStorageCombine-Community";
		};
		53DEBA4C2B99A5EB008CBCE7 /* SDWebImageSwiftUI */ = {
			isa = XCSwiftPackageProductDependency;
			package = 53DEBA4B2B99A5EB008CBCE7 /* XCRemoteSwiftPackageReference "SDWebImageSwiftUI" */;
			productName = SDWebImageSwiftUI;
		};
		53DEBA4F2B99A60A008CBCE7 /* CodeScanner */ = {
			isa = XCSwiftPackageProductDependency;
			package = 53DEBA4E2B99A60A008CBCE7 /* XCRemoteSwiftPackageReference "CodeScanner" */;
			productName = CodeScanner;
		};
		53FFA53D2B84C16600ADA93B /* GoogleSignIn */ = {
			isa = XCSwiftPackageProductDependency;
			package = 53FFA53C2B84C16600ADA93B /* XCRemoteSwiftPackageReference "GoogleSignIn-iOS" */;
			productName = GoogleSignIn;
		};
		53FFA53F2B84C16600ADA93B /* GoogleSignInSwift */ = {
			isa = XCSwiftPackageProductDependency;
			package = 53FFA53C2B84C16600ADA93B /* XCRemoteSwiftPackageReference "GoogleSignIn-iOS" */;
			productName = GoogleSignInSwift;
		};
/* End XCSwiftPackageProductDependency section */
	};
	rootObject = 533DD5332B2864D700692972 /* Project object */;
}
